Microsoft Visual Studio Solution File, Format Version 12.00
# Visual Studio Version 17
VisualStudioVersion = 17.5.2.0
MinimumVisualStudioVersion = 10.0.40219.1
Project("{FAE04EC0-301F-11D3-BF4B-00C04F79EFBC}") = "rabbit", "rabbit.csproj", "{CD6538CD-CF15-3C26-C0A0-8CFC95784091}"
EndProject
Global
	GlobalSection(SolutionConfigurationPlatforms) = preSolution
		Debug|Any CPU = Debug|Any CPU
		Release|Any CPU = Release|Any CPU
	EndGlobalSection
	GlobalSection(ProjectConfigurationPlatforms) = postSolution
		{CD6538CD-CF15-3C26-C0A0-8CFC95784091}.Debug|Any CPU.ActiveCfg = Debug|Any CPU
		{CD6538CD-CF15-3C26-C0A0-8CFC95784091}.Debug|Any CPU.Build.0 = Debug|Any CPU
		{CD6538CD-CF15-3C26-C0A0-8CFC95784091}.Release|Any CPU.ActiveCfg = Release|Any CPU
		{CD6538CD-CF15-3C26-C0A0-8CFC95784091}.Release|Any CPU.Build.0 = Release|Any CPU
	EndGlobalSection
	GlobalSection(SolutionProperties) = preSolution
		HideSolutionNode = FALSE
	EndGlobalSection
	GlobalSection(ExtensibilityGlobals) = postSolution
		SolutionGuid = {D40E761E-6ABE-48B9-98AA-19559A752FB8}
	EndGlobalSection
EndGlobal
